// !$*UTF8*$!
{
	archiveVersion = 1;
	classes = {
	};
	objectVersion = 56;
	objects = {

/* Begin PBXBuildFile section */
		A001 /* HoleReportApp.swift in Sources */ = {isa = PBXBuildFile; fileRef = B001 /* HoleReportApp.swift */; };
		A002 /* ContentView.swift in Sources */ = {isa = PBXBuildFile; fileRef = B002 /* ContentView.swift */; };
		A003 /* Views/CameraView.swift in Sources */ = {isa = PBXBuildFile; fileRef = B003 /* Views/CameraView.swift */; };
		A004 /* Views/GalleryView.swift in Sources */ = {isa = PBXBuildFile; fileRef = B004 /* Views/GalleryView.swift */; };
		A005 /* ViewModels/CameraViewModel.swift in Sources */ = {isa = PBXBuildFile; fileRef = B005 /* ViewModels/CameraViewModel.swift */; };
		A006 /* Managers/LocationManager.swift in Sources */ = {isa = PBXBuildFile; fileRef = B006 /* Managers/LocationManager.swift */; };
		A007 /* Managers/PhotoStore.swift in Sources */ = {isa = PBXBuildFile; fileRef = B007 /* Managers/PhotoStore.swift */; };
		A008 /* Models/MeasuredPhoto.swift in Sources */ = {isa = PBXBuildFile; fileRef = B008 /* Models/MeasuredPhoto.swift */; };
		A009 /* Managers/UploadManager.swift in Sources */ = {isa = PBXBuildFile; fileRef = B00A /* Managers/UploadManager.swift */; };
		A00A /* Views/SettingsView.swift in Sources */ = {isa = PBXBuildFile; fileRef = B00B /* Views/SettingsView.swift */; };
		A00B /* Resources/Assets.xcassets in Resources */ = {isa = PBXBuildFile; fileRef = B00C /* Resources/Assets.xcassets */; };
		A00C /* Views/WelcomeView.swift in Sources */ = {isa = PBXBuildFile; fileRef = B00D /* Views/WelcomeView.swift */; };
		A00D /* Views/MapView.swift in Sources */ = {isa = PBXBuildFile; fileRef = B00E /* Views/MapView.swift */; };
		A00E /* Localizable.strings in Resources */ = {isa = PBXBuildFile; fileRef = VARGRP /* Localizable.strings */; };
		A00F /* Managers/LanguageManager.swift in Sources */ = {isa = PBXBuildFile; fileRef = B00F /* Managers/LanguageManager.swift */; };
		A010 /* Managers/PotholeDetector.swift in Sources */ = {isa = PBXBuildFile; fileRef = B010 /* Managers/PotholeDetector.swift */; };
		A011 /* Views/DriveView.swift in Sources */ = {isa = PBXBuildFile; fileRef = B011 /* Views/DriveView.swift */; };
		A012 /* Views/SafetyWarningView.swift in Sources */ = {isa = PBXBuildFile; fileRef = B012 /* Views/SafetyWarningView.swift */; };
/* End PBXBuildFile section */

/* Begin PBXFileReference section */
		B001 /* HoleReportApp.swift */ = {isa = PBXFileReference; lastKnownFileType = sourcecode.swift; path = HoleReportApp.swift; sourceTree = "<group>"; };
		B002 /* ContentView.swift */ = {isa = PBXFileReference; lastKnownFileType = sourcecode.swift; path = ContentView.swift; sourceTree = "<group>"; };
		B003 /* Views/CameraView.swift */ = {isa = PBXFileReference; lastKnownFileType = sourcecode.swift; path = Views/CameraView.swift; sourceTree = "<group>"; };
		B004 /* Views/GalleryView.swift */ = {isa = PBXFileReference; lastKnownFileType = sourcecode.swift; path = Views/GalleryView.swift; sourceTree = "<group>"; };
		B005 /* ViewModels/CameraViewModel.swift */ = {isa = PBXFileReference; lastKnownFileType = sourcecode.swift; path = ViewModels/CameraViewModel.swift; sourceTree = "<group>"; };
		B006 /* Managers/LocationManager.swift */ = {isa = PBXFileReference; lastKnownFileType = sourcecode.swift; path = Managers/LocationManager.swift; sourceTree = "<group>"; };
		B007 /* Managers/PhotoStore.swift */ = {isa = PBXFileReference; lastKnownFileType = sourcecode.swift; path = Managers/PhotoStore.swift; sourceTree = "<group>"; };
		B008 /* Models/MeasuredPhoto.swift */ = {isa = PBXFileReference; lastKnownFileType = sourcecode.swift; path = Models/MeasuredPhoto.swift; sourceTree = "<group>"; };
		B009 /* Resources/Info.plist */ = {isa = PBXFileReference; lastKnownFileType = text.plist.xml; path = Resources/Info.plist; sourceTree = "<group>"; };
		B00A /* Managers/UploadManager.swift */ = {isa = PBXFileReference; lastKnownFileType = sourcecode.swift; path = Managers/UploadManager.swift; sourceTree = "<group>"; };
		B00B /* Views/SettingsView.swift */ = {isa = PBXFileReference; lastKnownFileType = sourcecode.swift; path = Views/SettingsView.swift; sourceTree = "<group>"; };
		B00C /* Resources/Assets.xcassets */ = {isa = PBXFileReference; lastKnownFileType = folder.assetcatalog; path = Resources/Assets.xcassets; sourceTree = "<group>"; };
		B00D /* Views/WelcomeView.swift */ = {isa = PBXFileReference; lastKnownFileType = sourcecode.swift; path = Views/WelcomeView.swift; sourceTree = "<group>"; };
		B00E /* Views/MapView.swift */ = {isa = PBXFileReference; lastKnownFileType = sourcecode.swift; path = Views/MapView.swift; sourceTree = "<group>"; };
		B00F /* Managers/LanguageManager.swift */ = {isa = PBXFileReference; lastKnownFileType = sourcecode.swift; path = Managers/LanguageManager.swift; sourceTree = "<group>"; };
		B010 /* Managers/PotholeDetector.swift */ = {isa = PBXFileReference; lastKnownFileType = sourcecode.swift; path = Managers/PotholeDetector.swift; sourceTree = "<group>"; };
		B011 /* Views/DriveView.swift */ = {isa = PBXFileReference; lastKnownFileType = sourcecode.swift; path = Views/DriveView.swift; sourceTree = "<group>"; };
		B012 /* Views/SafetyWarningView.swift */ = {isa = PBXFileReference; lastKnownFileType = sourcecode.swift; path = Views/SafetyWarningView.swift; sourceTree = "<group>"; };
		C001 /* en */ = {isa = PBXFileReference; lastKnownFileType = text.plist.strings; name = en; path = en.lproj/Localizable.strings; sourceTree = "<group>"; };
		C002 /* bg */ = {isa = PBXFileReference; lastKnownFileType = text.plist.strings; name = bg; path = bg.lproj/Localizable.strings; sourceTree = "<group>"; };
		PROD /* HoleReport.app */ = {isa = PBXFileReference; explicitFileType = wrapper.application; includeInIndex = 0; path = HoleReport.app; sourceTree = BUILT_PRODUCTS_DIR; };
/* End PBXFileReference section */

/* Begin PBXFrameworksBuildPhase section */
		FRMWRK /* Frameworks */ = {
			isa = PBXFrameworksBuildPhase;
			buildActionMask = 2147483647;
			files = (
			);
			runOnlyForDeploymentPostprocessing = 0;
		};
/* End PBXFrameworksBuildPhase section */

/* Begin PBXGroup section */
		MAINGRP = {
			isa = PBXGroup;
			children = (
				SRCGRP /* HoleReport */,
				PRODGRP /* Products */,
			);
			sourceTree = "<group>";
		};
		PRODGRP /* Products */ = {
			isa = PBXGroup;
			children = (
				PROD /* HoleReport.app */,
			);
			name = Products;
			sourceTree = "<group>";
		};
		SRCGRP /* HoleReport */ = {
			isa = PBXGroup;
			children = (
				B001 /* HoleReportApp.swift */,
				B002 /* ContentView.swift */,
				B003 /* Views/CameraView.swift */,
				B004 /* Views/GalleryView.swift */,
				B005 /* ViewModels/CameraViewModel.swift */,
				B006 /* Managers/LocationManager.swift */,
				B007 /* Managers/PhotoStore.swift */,
				B008 /* Models/MeasuredPhoto.swift */,
				B00A /* Managers/UploadManager.swift */,
				B00B /* Views/SettingsView.swift */,
				B00D /* Views/WelcomeView.swift */,
				B00E /* Views/MapView.swift */,
				B00F /* Managers/LanguageManager.swift */,
				B010 /* Managers/PotholeDetector.swift */,
				B011 /* Views/DriveView.swift */,
				B012 /* Views/SafetyWarningView.swift */,
				B009 /* Resources/Info.plist */,
				B00C /* Resources/Assets.xcassets */,
				VARGRP /* Localizable.strings */,
			);
			path = HoleReport;
			sourceTree = "<group>";
		};
/* End PBXGroup section */

/* Begin PBXNativeTarget section */
		TARGET /* HoleReport */ = {
			isa = PBXNativeTarget;
			buildConfigurationList = CFGLIST /* Build configuration list for PBXNativeTarget "HoleReport" */;
			buildPhases = (
				SOURCES /* Sources */,
				FRMWRK /* Frameworks */,
				RESOURCES /* Resources */,
			);
			buildRules = (
			);
			dependencies = (
			);
			name = HoleReport;
			productName = HoleReport;
			productReference = PROD /* HoleReport.app */;
			productType = "com.apple.product-type.application";
		};
/* End PBXNativeTarget section */

/* Begin PBXProject section */
		PROJECT /* Project object */ = {
			isa = PBXProject;
			attributes = {
				BuildIndependentTargetsInParallel = 1;
				LastSwiftUpdateCheck = 1500;
				LastUpgradeCheck = 1500;
				TargetAttributes = {
					TARGET = {
						CreatedOnToolsVersion = 15.0;
					};
				};
			};
			buildConfigurationList = PROJCFG /* Build configuration list for PBXProject "HoleReport" */;
			compatibilityVersion = "Xcode 14.0";
			developmentRegion = en;
			hasScannedForEncodings = 0;
			knownRegions = (
				en,
				bg,
				Base,
			);
			mainGroup = MAINGRP;
			productRefGroup = PRODGRP /* Products */;
			projectDirPath = "";
			projectRoot = "";
			targets = (
				TARGET /* HoleReport */,
			);
		};
/* End PBXProject section */

/* Begin PBXResourcesBuildPhase section */
		RESOURCES /* Resources */ = {
			isa = PBXResourcesBuildPhase;
			buildActionMask = 2147483647;
			files = (
				A00B /* Resources/Assets.xcassets in Resources */,
				A00E /* Localizable.strings in Resources */,
			);
			runOnlyForDeploymentPostprocessing = 0;
		};
/* End PBXResourcesBuildPhase section */

/* Begin PBXSourcesBuildPhase section */
		SOURCES /* Sources */ = {
			isa = PBXSourcesBuildPhase;
			buildActionMask = 2147483647;
			files = (
				A001 /* HoleReportApp.swift in Sources */,
				A002 /* ContentView.swift in Sources */,
				A003 /* Views/CameraView.swift in Sources */,
				A004 /* Views/GalleryView.swift in Sources */,
				A005 /* ViewModels/CameraViewModel.swift in Sources */,
				A006 /* Managers/LocationManager.swift in Sources */,
				A007 /* Managers/PhotoStore.swift in Sources */,
				A008 /* Models/MeasuredPhoto.swift in Sources */,
				A009 /* Managers/UploadManager.swift in Sources */,
				A00A /* Views/SettingsView.swift in Sources */,
				A00C /* Views/WelcomeView.swift in Sources */,
				A00F /* Managers/LanguageManager.swift in Sources */,
				A00D /* Views/MapView.swift in Sources */,
				A010 /* Managers/PotholeDetector.swift in Sources */,
				A011 /* Views/DriveView.swift in Sources */,
				A012 /* Views/SafetyWarningView.swift in Sources */,
			);
			runOnlyForDeploymentPostprocessing = 0;
		};
/* End PBXSourcesBuildPhase section */

/* Begin PBXVariantGroup section */
		VARGRP /* Localizable.strings */ = {
			isa = PBXVariantGroup;
			children = (
				C001 /* en */,
				C002 /* bg */,
			);
			name = Localizable.strings;
			sourceTree = "<group>";
		};
/* End PBXVariantGroup section */

/* Begin XCBuildConfiguration section */
		DBG /* Debug */ = {
			isa = XCBuildConfiguration;
			buildSettings = {
				ALWAYS_SEARCH_USER_PATHS = NO;
				ASSETCATALOG_COMPILER_GENERATE_SWIFT_ASSET_SYMBOL_EXTENSIONS = YES;
				CLANG_ANALYZER_NONNULL = YES;
				CLANG_ANALYZER_NUMBER_OBJECT_CONVERSION = YES_AGGRESSIVE;
				CLANG_CXX_LANGUAGE_STANDARD = "gnu++20";
				CLANG_ENABLE_MODULES = YES;
				CLANG_ENABLE_OBJC_ARC = YES;
				CLANG_WARN_BLOCK_CAPTURE_AUTORELEASING = YES;
				CLANG_WARN_BOOL_CONVERSION = YES;
				CLANG_WARN_COMMA = YES;
				CLANG_WARN_CONSTANT_CONVERSION = YES;
				CLANG_WARN_DEPRECATED_OBJC_IMPLEMENTATIONS = YES;
				CLANG_WARN_DIRECT_OBJC_ISA_USAGE = YES_ERROR;
				CLANG_WARN_DOCUMENTATION_COMMENTS = YES;
				CLANG_WARN_EMPTY_BODY = YES;
				CLANG_WARN_ENUM_CONVERSION = YES;
				CLANG_WARN_INFINITE_RECURSION = YES;
				CLANG_WARN_INT_CONVERSION = YES;
				CLANG_WARN_NON_LITERAL_NULL_CONVERSION = YES;
				CLANG_WARN_OBJC_IMPLICIT_RETAIN_SELF = YES;
				CLANG_WARN_OBJC_LITERAL_CONVERSION = YES;
				CLANG_WARN_OBJC_ROOT_CLASS = YES_ERROR;
				CLANG_WARN_QUOTED_INCLUDE_IN_FRAMEWORK_HEADER = YES;
				CLANG_WARN_RANGE_LOOP_ANALYSIS = YES;
				CLANG_WARN_STRICT_PROTOTYPES = YES;
				CLANG_WARN_SUSPICIOUS_MOVE = YES;
				CLANG_WARN_UNGUARDED_AVAILABILITY = YES_AGGRESSIVE;
				CLANG_WARN_UNREACHABLE_CODE = YES;
				CLANG_WARN__DUPLICATE_METHOD_MATCH = YES;
				COPY_PHASE_STRIP = NO;
				DEBUG_INFORMATION_FORMAT = dwarf;
				ENABLE_STRICT_OBJC_MSGSEND = YES;
				ENABLE_TESTABILITY = YES;
				ENABLE_USER_SCRIPT_SANDBOXING = YES;
				GCC_C_LANGUAGE_STANDARD = gnu17;
				GCC_DYNAMIC_NO_PIC = NO;
				GCC_NO_COMMON_BLOCKS = YES;
				GCC_OPTIMIZATION_LEVEL = 0;
				GCC_PREPROCESSOR_DEFINITIONS = (
					"DEBUG=1",
					"$(inherited)",
				);
				GCC_WARN_64_TO_32_BIT_CONVERSION = YES;
				GCC_WARN_ABOUT_RETURN_TYPE = YES_ERROR;
				GCC_WARN_UNDECLARED_SELECTOR = YES;
				GCC_WARN_UNINITIALIZED_AUTOS = YES_AGGRESSIVE;
				GCC_WARN_UNUSED_FUNCTION = YES;
				GCC_WARN_UNUSED_VARIABLE = YES;
				IPHONEOS_DEPLOYMENT_TARGET = 16.0;
				MTL_ENABLE_DEBUG_INFO = INCLUDE_SOURCE;
				MTL_FAST_MATH = YES;
				ONLY_ACTIVE_ARCH = YES;
				SDKROOT = iphoneos;
				SWIFT_ACTIVE_COMPILATION_CONDITIONS = "DEBUG $(inherited)";
				SWIFT_OPTIMIZATION_LEVEL = "-Onone";
			};
			name = Debug;
		};
		REL /* Release */ = {
			isa = XCBuildConfiguration;
			buildSettings = {
				ALWAYS_SEARCH_USER_PATHS = NO;
				ASSETCATALOG_COMPILER_GENERATE_SWIFT_ASSET_SYMBOL_EXTENSIONS = YES;
				CLANG_ANALYZER_NONNULL = YES;
				CLANG_ANALYZER_NUMBER_OBJECT_CONVERSION = YES_AGGRESSIVE;
				CLANG_CXX_LANGUAGE_STANDARD = "gnu++20";
				CLANG_ENABLE_MODULES = YES;
				CLANG_ENABLE_OBJC_ARC = YES;
				CLANG_WARN_BLOCK_CAPTURE_AUTORELEASING = YES;
				CLANG_WARN_BOOL_CONVERSION = YES;
				CLANG_WARN_COMMA = YES;
				CLANG_WARN_CONSTANT_CONVERSION = YES;
				CLANG_WARN_DEPRECATED_OBJC_IMPLEMENTATIONS = YES;
				CLANG_WARN_DIRECT_OBJC_ISA_USAGE = YES_ERROR;
				CLANG_WARN_DOCUMENTATION_COMMENTS = YES;
				CLANG_WARN_EMPTY_BODY = YES;
				CLANG_WARN_ENUM_CONVERSION = YES;
				CLANG_WARN_INFINITE_RECURSION = YES;
				CLANG_WARN_INT_CONVERSION = YES;
				CLANG_WARN_NON_LITERAL_NULL_CONVERSION = YES;
				CLANG_WARN_OBJC_IMPLICIT_RETAIN_SELF = YES;
				CLANG_WARN_OBJC_LITERAL_CONVERSION = YES;
				CLANG_WARN_OBJC_ROOT_CLASS = YES_ERROR;
				CLANG_WARN_QUOTED_INCLUDE_IN_FRAMEWORK_HEADER = YES;
				CLANG_WARN_RANGE_LOOP_ANALYSIS = YES;
				CLANG_WARN_STRICT_PROTOTYPES = YES;
				CLANG_WARN_SUSPICIOUS_MOVE = YES;
				CLANG_WARN_UNGUARDED_AVAILABILITY = YES_AGGRESSIVE;
				CLANG_WARN_UNREACHABLE_CODE = YES;
				CLANG_WARN__DUPLICATE_METHOD_MATCH = YES;
				COPY_PHASE_STRIP = NO;
				DEBUG_INFORMATION_FORMAT = "dwarf-with-dsym";
				ENABLE_NS_ASSERTIONS = NO;
				ENABLE_STRICT_OBJC_MSGSEND = YES;
				ENABLE_USER_SCRIPT_SANDBOXING = YES;
				GCC_C_LANGUAGE_STANDARD = gnu17;
				GCC_NO_COMMON_BLOCKS = YES;
				GCC_WARN_64_TO_32_BIT_CONVERSION = YES;
				GCC_WARN_ABOUT_RETURN_TYPE = YES_ERROR;
				GCC_WARN_UNDECLARED_SELECTOR = YES;
				GCC_WARN_UNINITIALIZED_AUTOS = YES_AGGRESSIVE;
				GCC_WARN_UNUSED_FUNCTION = YES;
				GCC_WARN_UNUSED_VARIABLE = YES;
				IPHONEOS_DEPLOYMENT_TARGET = 16.0;
				MTL_FAST_MATH = YES;
				SDKROOT = iphoneos;
				SWIFT_COMPILATION_MODE = wholemodule;
				VALIDATE_PRODUCT = YES;
			};
			name = Release;
		};
		TDBG /* Debug */ = {
			isa = XCBuildConfiguration;
			buildSettings = {
				ASSETCATALOG_COMPILER_APPICON_NAME = AppIcon;
				ASSETCATALOG_COMPILER_GLOBAL_ACCENT_COLOR_NAME = AccentColor;
				CODE_SIGN_STYLE = Automatic;
				CURRENT_PROJECT_VERSION = 2;
				DEVELOPMENT_ASSET_PATHS = "";
				DEVELOPMENT_TEAM = 5DDAK5D496;
				ENABLE_PREVIEWS = YES;
				GENERATE_INFOPLIST_FILE = NO;
				INFOPLIST_FILE = HoleReport/Resources/Info.plist;
				INFOPLIST_KEY_CFBundleDisplayName = "Hole Report";
				IPHONEOS_DEPLOYMENT_TARGET = 17.0;
				LD_RUNPATH_SEARCH_PATHS = (
					"$(inherited)",
					"@executable_path/Frameworks",
				);
				MARKETING_VERSION = 1.1;
				PRODUCT_BUNDLE_IDENTIFIER = bg.escom.holereport;
				PRODUCT_NAME = "$(TARGET_NAME)";
				SWIFT_EMIT_LOC_STRINGS = YES;
				SWIFT_VERSION = 5.0;
				TARGETED_DEVICE_FAMILY = 1;
			};
			name = Debug;
		};
		TREL /* Release */ = {
			isa = XCBuildConfiguration;
			buildSettings = {
				ASSETCATALOG_COMPILER_APPICON_NAME = AppIcon;
				ASSETCATALOG_COMPILER_GLOBAL_ACCENT_COLOR_NAME = AccentColor;
				CODE_SIGN_STYLE = Automatic;
				CURRENT_PROJECT_VERSION = 2;
				DEVELOPMENT_ASSET_PATHS = "";
				DEVELOPMENT_TEAM = 5DDAK5D496;
				ENABLE_PREVIEWS = YES;
				GENERATE_INFOPLIST_FILE = NO;
				INFOPLIST_FILE = HoleReport/Resources/Info.plist;
				INFOPLIST_KEY_CFBundleDisplayName = "Hole Report";
				IPHONEOS_DEPLOYMENT_TARGET = 17.0;
				LD_RUNPATH_SEARCH_PATHS = (
					"$(inherited)",
					"@executable_path/Frameworks",
				);
				MARKETING_VERSION = 1.1;
				PRODUCT_BUNDLE_IDENTIFIER = bg.escom.holereport;
				PRODUCT_NAME = "$(TARGET_NAME)";
				SWIFT_EMIT_LOC_STRINGS = YES;
				SWIFT_VERSION = 5.0;
				TARGETED_DEVICE_FAMILY = 1;
			};
			name = Release;
		};
/* End XCBuildConfiguration section */

/* Begin XCConfigurationList section */
		CFGLIST /* Build configuration list for PBXNativeTarget "HoleReport" */ = {
			isa = XCConfigurationList;
			buildConfigurations = (
				TDBG /* Debug */,
				TREL /* Release */,
			);
			defaultConfigurationIsVisible = 0;
			defaultConfigurationName = Release;
		};
		PROJCFG /* Build configuration list for PBXProject "HoleReport" */ = {
			isa = XCConfigurationList;
			buildConfigurations = (
				DBG /* Debug */,
				REL /* Release */,
			);
			defaultConfigurationIsVisible = 0;
			defaultConfigurationName = Release;
		};
/* End XCConfigurationList section */
	};
	rootObject = PROJECT /* Project object */;
}
